// !$*UTF8*$!
{
	archiveVersion = 1;
	classes = {
	};
	objectVersion = 52;
	objects = {

/* Begin PBXBuildFile section */
		05CD4714471DA7D77D1FB490 /* Pods_ReelyV1_ReelyV1UITests.framework in Frameworks */ = {isa = PBXBuildFile; fileRef = A6A842CA17742B6EFDA163A2 /* Pods_ReelyV1_ReelyV1UITests.framework */; };
		2E20D6CEE1CD1C8DCFE72311 /* Pods_ReelyV1.framework in Frameworks */ = {isa = PBXBuildFile; fileRef = 4DBAC3C5E0D744A7CE2AA18E /* Pods_ReelyV1.framework */; };
		47283BB82842C65F0016D124 /* PostCardView.swift in Sources */ = {isa = PBXBuildFile; fileRef = 47283BB72842C65F0016D124 /* PostCardView.swift */; };
		47283BBA2842C7690016D124 /* PostDetailView.swift in Sources */ = {isa = PBXBuildFile; fileRef = 47283BB92842C7690016D124 /* PostDetailView.swift */; };
		47283BBC2843E47A0016D124 /* AuthenticationViewModel.swift in Sources */ = {isa = PBXBuildFile; fileRef = 47283BBB2843E47A0016D124 /* AuthenticationViewModel.swift */; };
		47283BBE2843E7DC0016D124 /* SignUpView.swift in Sources */ = {isa = PBXBuildFile; fileRef = 47283BBD2843E7DC0016D124 /* SignUpView.swift */; };
		47283BC02843EFA40016D124 /* TabsParentView.swift in Sources */ = {isa = PBXBuildFile; fileRef = 47283BBF2843EFA40016D124 /* TabsParentView.swift */; };
		4736EEF92867A85C0033C49E /* SignupSMSViewController.swift in Sources */ = {isa = PBXBuildFile; fileRef = 4736EEF82867A85C0033C49E /* SignupSMSViewController.swift */; };
		4736EEFB2867A9310033C49E /* Constants.swift in Sources */ = {isa = PBXBuildFile; fileRef = 4736EEFA2867A9310033C49E /* Constants.swift */; };
		4736EEFD2867A9EB0033C49E /* SignUpControllerWrapper.swift in Sources */ = {isa = PBXBuildFile; fileRef = 4736EEFC2867A9EB0033C49E /* SignUpControllerWrapper.swift */; };
		473C69E8283C768700D4D15E /* GalleryFeedView.swift in Sources */ = {isa = PBXBuildFile; fileRef = 473C69E7283C768700D4D15E /* GalleryFeedView.swift */; };
		473C69F0283C76F700D4D15E /* StaggeredGrid.swift in Sources */ = {isa = PBXBuildFile; fileRef = 473C69EF283C76F700D4D15E /* StaggeredGrid.swift */; };
		473C69F6283C788200D4D15E /* Post.swift in Sources */ = {isa = PBXBuildFile; fileRef = 473C69F5283C788200D4D15E /* Post.swift */; };
		473C69FE283C821400D4D15E /* AddPostView.swift in Sources */ = {isa = PBXBuildFile; fileRef = 473C69FD283C821400D4D15E /* AddPostView.swift */; };
		473C6A42283C89A300D4D15E /* PhotoPicker.swift in Sources */ = {isa = PBXBuildFile; fileRef = 473C6A41283C89A200D4D15E /* PhotoPicker.swift */; };
		473C6A47283C8EB800D4D15E /* PostsModel.swift in Sources */ = {isa = PBXBuildFile; fileRef = 473C6A46283C8EB800D4D15E /* PostsModel.swift */; };
		473C6A4C283C8ED800D4D15E /* PostModel.swift in Sources */ = {isa = PBXBuildFile; fileRef = 473C6A4B283C8ED800D4D15E /* PostModel.swift */; };
		473C6A52283C8F8C00D4D15E /* HomeViewModel.swift in Sources */ = {isa = PBXBuildFile; fileRef = 473C6A51283C8F8C00D4D15E /* HomeViewModel.swift */; };
		476B6FD9286C18E00060589F /* EditProfileView.swift in Sources */ = {isa = PBXBuildFile; fileRef = 476B6FD8286C18E00060589F /* EditProfileView.swift */; };
		476B6FDB286C21720060589F /* ProfileViewModel.swift in Sources */ = {isa = PBXBuildFile; fileRef = 476B6FDA286C21720060589F /* ProfileViewModel.swift */; };
		478131692846C95700106B57 /* LoadingSplashScreenView.swift in Sources */ = {isa = PBXBuildFile; fileRef = 478131682846C95700106B57 /* LoadingSplashScreenView.swift */; };
		4783445A283C63520022025E /* AppDelegate.swift in Sources */ = {isa = PBXBuildFile; fileRef = 47834459283C63520022025E /* AppDelegate.swift */; };
		4783445C283C63520022025E /* SceneDelegate.swift in Sources */ = {isa = PBXBuildFile; fileRef = 4783445B283C63520022025E /* SceneDelegate.swift */; };
		4783445E283C63520022025E /* ContentView.swift in Sources */ = {isa = PBXBuildFile; fileRef = 4783445D283C63520022025E /* ContentView.swift */; };
		47834461283C63520022025E /* ReelyV1.xcdatamodeld in Sources */ = {isa = PBXBuildFile; fileRef = 4783445F283C63520022025E /* ReelyV1.xcdatamodeld */; };
		47834463283C63560022025E /* Assets.xcassets in Resources */ = {isa = PBXBuildFile; fileRef = 47834462283C63560022025E /* Assets.xcassets */; };
		47834466283C63560022025E /* Preview Assets.xcassets in Resources */ = {isa = PBXBuildFile; fileRef = 47834465283C63560022025E /* Preview Assets.xcassets */; };
		47834469283C63560022025E /* LaunchScreen.storyboard in Resources */ = {isa = PBXBuildFile; fileRef = 47834467283C63560022025E /* LaunchScreen.storyboard */; };
		47834474283C63560022025E /* ReelyV1Tests.swift in Sources */ = {isa = PBXBuildFile; fileRef = 47834473283C63560022025E /* ReelyV1Tests.swift */; };
		4783447F283C63560022025E /* ReelyV1UITests.swift in Sources */ = {isa = PBXBuildFile; fileRef = 4783447E283C63560022025E /* ReelyV1UITests.swift */; };
		47834490283C64660022025E /* GoogleService-Info.plist in Resources */ = {isa = PBXBuildFile; fileRef = 4783448F283C64660022025E /* GoogleService-Info.plist */; };
		47866E9628458F7B00D18F00 /* LoadingView.swift in Sources */ = {isa = PBXBuildFile; fileRef = 47866E9528458F7B00D18F00 /* LoadingView.swift */; };
		47866E98284597F300D18F00 /* SetupUserView.swift in Sources */ = {isa = PBXBuildFile; fileRef = 47866E97284597F300D18F00 /* SetupUserView.swift */; };
		47A6972F28418EE4001102C1 /* MediaPicker.swift in Sources */ = {isa = PBXBuildFile; fileRef = 47A6972E28418EE4001102C1 /* MediaPicker.swift */; };
		47A697312841915D001102C1 /* PostParentView.swift in Sources */ = {isa = PBXBuildFile; fileRef = 47A697302841915D001102C1 /* PostParentView.swift */; };
		47A9DE86286A30F900DF76CE /* SMSSignUpView.swift in Sources */ = {isa = PBXBuildFile; fileRef = 47A9DE85286A30F900DF76CE /* SMSSignUpView.swift */; };
		47A9DE89286A847C00DF76CE /* SMSConfirmationView.swift in Sources */ = {isa = PBXBuildFile; fileRef = 47A9DE88286A847C00DF76CE /* SMSConfirmationView.swift */; };
		47EC5857286AB077007A12F4 /* CheckSMSViewController.swift in Sources */ = {isa = PBXBuildFile; fileRef = 47EC5856286AB077007A12F4 /* CheckSMSViewController.swift */; };
		AB3CCB0692E6940BE3450E78 /* Pods_ReelyV1Tests.framework in Frameworks */ = {isa = PBXBuildFile; fileRef = D39C359A1766E329C682BF27 /* Pods_ReelyV1Tests.framework */; };
/* End PBXBuildFile section */

/* Begin PBXContainerItemProxy section */
		47834470283C63560022025E /* PBXContainerItemProxy */ = {
			isa = PBXContainerItemProxy;
			containerPortal = 4783444E283C63520022025E /* Project object */;
			proxyType = 1;
			remoteGlobalIDString = 47834455283C63520022025E;
			remoteInfo = ReelyV1;
		};
		4783447B283C63560022025E /* PBXContainerItemProxy */ = {
			isa = PBXContainerItemProxy;
			containerPortal = 4783444E283C63520022025E /* Project object */;
			proxyType = 1;
			remoteGlobalIDString = 47834455283C63520022025E;
			remoteInfo = ReelyV1;
		};
/* End PBXContainerItemProxy section */

/* Begin PBXFileReference section */
		0AC4812D8073661B894E58AB /* Pods-ReelyV1.release.xcconfig */ = {isa = PBXFileReference; includeInIndex = 1; lastKnownFileType = text.xcconfig; name = "Pods-ReelyV1.release.xcconfig"; path = "Target Support Files/Pods-ReelyV1/Pods-ReelyV1.release.xcconfig"; sourceTree = "<group>"; };
		30E7DF55C88FCB8E103A79D9 /* Pods-ReelyV1-ReelyV1UITests.debug.xcconfig */ = {isa = PBXFileReference; includeInIndex = 1; lastKnownFileType = text.xcconfig; name = "Pods-ReelyV1-ReelyV1UITests.debug.xcconfig"; path = "Target Support Files/Pods-ReelyV1-ReelyV1UITests/Pods-ReelyV1-ReelyV1UITests.debug.xcconfig"; sourceTree = "<group>"; };
		47283BB72842C65F0016D124 /* PostCardView.swift */ = {isa = PBXFileReference; lastKnownFileType = sourcecode.swift; path = PostCardView.swift; sourceTree = "<group>"; };
		47283BB92842C7690016D124 /* PostDetailView.swift */ = {isa = PBXFileReference; lastKnownFileType = sourcecode.swift; path = PostDetailView.swift; sourceTree = "<group>"; };
		47283BBB2843E47A0016D124 /* AuthenticationViewModel.swift */ = {isa = PBXFileReference; lastKnownFileType = sourcecode.swift; path = AuthenticationViewModel.swift; sourceTree = "<group>"; };
		47283BBD2843E7DC0016D124 /* SignUpView.swift */ = {isa = PBXFileReference; lastKnownFileType = sourcecode.swift; path = SignUpView.swift; sourceTree = "<group>"; };
		47283BBF2843EFA40016D124 /* TabsParentView.swift */ = {isa = PBXFileReference; lastKnownFileType = sourcecode.swift; path = TabsParentView.swift; sourceTree = "<group>"; };
		4736EEF82867A85C0033C49E /* SignupSMSViewController.swift */ = {isa = PBXFileReference; lastKnownFileType = sourcecode.swift; path = SignupSMSViewController.swift; sourceTree = "<group>"; };
		4736EEFA2867A9310033C49E /* Constants.swift */ = {isa = PBXFileReference; lastKnownFileType = sourcecode.swift; path = Constants.swift; sourceTree = "<group>"; };
		4736EEFC2867A9EB0033C49E /* SignUpControllerWrapper.swift */ = {isa = PBXFileReference; lastKnownFileType = sourcecode.swift; path = SignUpControllerWrapper.swift; sourceTree = "<group>"; };
		473C69E7283C768700D4D15E /* GalleryFeedView.swift */ = {isa = PBXFileReference; lastKnownFileType = sourcecode.swift; path = GalleryFeedView.swift; sourceTree = "<group>"; };
		473C69EF283C76F700D4D15E /* StaggeredGrid.swift */ = {isa = PBXFileReference; lastKnownFileType = sourcecode.swift; path = StaggeredGrid.swift; sourceTree = "<group>"; };
		473C69F5283C788200D4D15E /* Post.swift */ = {isa = PBXFileReference; lastKnownFileType = sourcecode.swift; path = Post.swift; sourceTree = "<group>"; };
		473C69FD283C821400D4D15E /* AddPostView.swift */ = {isa = PBXFileReference; lastKnownFileType = sourcecode.swift; path = AddPostView.swift; sourceTree = "<group>"; };
		473C6A41283C89A200D4D15E /* PhotoPicker.swift */ = {isa = PBXFileReference; lastKnownFileType = sourcecode.swift; path = PhotoPicker.swift; sourceTree = "<group>"; };
		473C6A46283C8EB800D4D15E /* PostsModel.swift */ = {isa = PBXFileReference; lastKnownFileType = sourcecode.swift; path = PostsModel.swift; sourceTree = "<group>"; };
		473C6A4B283C8ED800D4D15E /* PostModel.swift */ = {isa = PBXFileReference; lastKnownFileType = sourcecode.swift; path = PostModel.swift; sourceTree = "<group>"; };
		473C6A51283C8F8C00D4D15E /* HomeViewModel.swift */ = {isa = PBXFileReference; lastKnownFileType = sourcecode.swift; path = HomeViewModel.swift; sourceTree = "<group>"; };
		476B6FD8286C18E00060589F /* EditProfileView.swift */ = {isa = PBXFileReference; lastKnownFileType = sourcecode.swift; path = EditProfileView.swift; sourceTree = "<group>"; };
		476B6FDA286C21720060589F /* ProfileViewModel.swift */ = {isa = PBXFileReference; lastKnownFileType = sourcecode.swift; path = ProfileViewModel.swift; sourceTree = "<group>"; };
		478131682846C95700106B57 /* LoadingSplashScreenView.swift */ = {isa = PBXFileReference; lastKnownFileType = sourcecode.swift; path = LoadingSplashScreenView.swift; sourceTree = "<group>"; };
		47834456283C63520022025E /* ReelyV1.app */ = {isa = PBXFileReference; explicitFileType = wrapper.application; includeInIndex = 0; path = ReelyV1.app; sourceTree = BUILT_PRODUCTS_DIR; };
		47834459283C63520022025E /* AppDelegate.swift */ = {isa = PBXFileReference; lastKnownFileType = sourcecode.swift; path = AppDelegate.swift; sourceTree = "<group>"; };
		4783445B283C63520022025E /* SceneDelegate.swift */ = {isa = PBXFileReference; lastKnownFileType = sourcecode.swift; path = SceneDelegate.swift; sourceTree = "<group>"; };
		4783445D283C63520022025E /* ContentView.swift */ = {isa = PBXFileReference; lastKnownFileType = sourcecode.swift; path = ContentView.swift; sourceTree = "<group>"; };
		47834460283C63520022025E /* ReelyV1.xcdatamodel */ = {isa = PBXFileReference; lastKnownFileType = wrapper.xcdatamodel; path = ReelyV1.xcdatamodel; sourceTree = "<group>"; };
		47834462283C63560022025E /* Assets.xcassets */ = {isa = PBXFileReference; lastKnownFileType = folder.assetcatalog; path = Assets.xcassets; sourceTree = "<group>"; };
		47834465283C63560022025E /* Preview Assets.xcassets */ = {isa = PBXFileReference; lastKnownFileType = folder.assetcatalog; path = "Preview Assets.xcassets"; sourceTree = "<group>"; };
		47834468283C63560022025E /* Base */ = {isa = PBXFileReference; lastKnownFileType = file.storyboard; name = Base; path = Base.lproj/LaunchScreen.storyboard; sourceTree = "<group>"; };
		4783446A283C63560022025E /* Info.plist */ = {isa = PBXFileReference; lastKnownFileType = text.plist.xml; path = Info.plist; sourceTree = "<group>"; };
		4783446F283C63560022025E /* ReelyV1Tests.xctest */ = {isa = PBXFileReference; explicitFileType = wrapper.cfbundle; includeInIndex = 0; path = ReelyV1Tests.xctest; sourceTree = BUILT_PRODUCTS_DIR; };
		47834473283C63560022025E /* ReelyV1Tests.swift */ = {isa = PBXFileReference; lastKnownFileType = sourcecode.swift; path = ReelyV1Tests.swift; sourceTree = "<group>"; };
		47834475283C63560022025E /* Info.plist */ = {isa = PBXFileReference; lastKnownFileType = text.plist.xml; path = Info.plist; sourceTree = "<group>"; };
		4783447A283C63560022025E /* ReelyV1UITests.xctest */ = {isa = PBXFileReference; explicitFileType = wrapper.cfbundle; includeInIndex = 0; path = ReelyV1UITests.xctest; sourceTree = BUILT_PRODUCTS_DIR; };
		4783447E283C63560022025E /* ReelyV1UITests.swift */ = {isa = PBXFileReference; lastKnownFileType = sourcecode.swift; path = ReelyV1UITests.swift; sourceTree = "<group>"; };
		47834480283C63560022025E /* Info.plist */ = {isa = PBXFileReference; lastKnownFileType = text.plist.xml; path = Info.plist; sourceTree = "<group>"; };
		4783448F283C64660022025E /* GoogleService-Info.plist */ = {isa = PBXFileReference; fileEncoding = 4; lastKnownFileType = text.plist.xml; path = "GoogleService-Info.plist"; sourceTree = "<group>"; };
		47866E9528458F7B00D18F00 /* LoadingView.swift */ = {isa = PBXFileReference; lastKnownFileType = sourcecode.swift; path = LoadingView.swift; sourceTree = "<group>"; };
		47866E97284597F300D18F00 /* SetupUserView.swift */ = {isa = PBXFileReference; lastKnownFileType = sourcecode.swift; path = SetupUserView.swift; sourceTree = "<group>"; };
		47A6972E28418EE4001102C1 /* MediaPicker.swift */ = {isa = PBXFileReference; lastKnownFileType = sourcecode.swift; path = MediaPicker.swift; sourceTree = "<group>"; };
		47A697302841915D001102C1 /* PostParentView.swift */ = {isa = PBXFileReference; lastKnownFileType = sourcecode.swift; path = PostParentView.swift; sourceTree = "<group>"; };
		47A9DE85286A30F900DF76CE /* SMSSignUpView.swift */ = {isa = PBXFileReference; lastKnownFileType = sourcecode.swift; path = SMSSignUpView.swift; sourceTree = "<group>"; };
		47A9DE87286A808200DF76CE /* ReelyV1.entitlements */ = {isa = PBXFileReference; lastKnownFileType = text.plist.entitlements; path = ReelyV1.entitlements; sourceTree = "<group>"; };
		47A9DE88286A847C00DF76CE /* SMSConfirmationView.swift */ = {isa = PBXFileReference; lastKnownFileType = sourcecode.swift; path = SMSConfirmationView.swift; sourceTree = "<group>"; };
		47EC5856286AB077007A12F4 /* CheckSMSViewController.swift */ = {isa = PBXFileReference; lastKnownFileType = sourcecode.swift; path = CheckSMSViewController.swift; sourceTree = "<group>"; };
		4AFA8BA9E4C98CE86F786D1A /* Pods-ReelyV1Tests.release.xcconfig */ = {isa = PBXFileReference; includeInIndex = 1; lastKnownFileType = text.xcconfig; name = "Pods-ReelyV1Tests.release.xcconfig"; path = "Target Support Files/Pods-ReelyV1Tests/Pods-ReelyV1Tests.release.xcconfig"; sourceTree = "<group>"; };
		4DBAC3C5E0D744A7CE2AA18E /* Pods_ReelyV1.framework */ = {isa = PBXFileReference; explicitFileType = wrapper.framework; includeInIndex = 0; path = Pods_ReelyV1.framework; sourceTree = BUILT_PRODUCTS_DIR; };
		55A15D912757AED8E01A60AB /* Pods-ReelyV1Tests.debug.xcconfig */ = {isa = PBXFileReference; includeInIndex = 1; lastKnownFileType = text.xcconfig; name = "Pods-ReelyV1Tests.debug.xcconfig"; path = "Target Support Files/Pods-ReelyV1Tests/Pods-ReelyV1Tests.debug.xcconfig"; sourceTree = "<group>"; };
		5A12908D565E2FF1CDC8E316 /* Pods-ReelyV1-ReelyV1UITests.release.xcconfig */ = {isa = PBXFileReference; includeInIndex = 1; lastKnownFileType = text.xcconfig; name = "Pods-ReelyV1-ReelyV1UITests.release.xcconfig"; path = "Target Support Files/Pods-ReelyV1-ReelyV1UITests/Pods-ReelyV1-ReelyV1UITests.release.xcconfig"; sourceTree = "<group>"; };
		757C751D438D6992EEC636CC /* Pods-ReelyV1.debug.xcconfig */ = {isa = PBXFileReference; includeInIndex = 1; lastKnownFileType = text.xcconfig; name = "Pods-ReelyV1.debug.xcconfig"; path = "Target Support Files/Pods-ReelyV1/Pods-ReelyV1.debug.xcconfig"; sourceTree = "<group>"; };
		A6A842CA17742B6EFDA163A2 /* Pods_ReelyV1_ReelyV1UITests.framework */ = {isa = PBXFileReference; explicitFileType = wrapper.framework; includeInIndex = 0; path = Pods_ReelyV1_ReelyV1UITests.framework; sourceTree = BUILT_PRODUCTS_DIR; };
		D39C359A1766E329C682BF27 /* Pods_ReelyV1Tests.framework */ = {isa = PBXFileReference; explicitFileType = wrapper.framework; includeInIndex = 0; path = Pods_ReelyV1Tests.framework; sourceTree = BUILT_PRODUCTS_DIR; };
/* End PBXFileReference section */

/* Begin PBXFrameworksBuildPhase section */
		47834453283C63520022025E /* Frameworks */ = {
			isa = PBXFrameworksBuildPhase;
			buildActionMask = 2147483647;
			files = (
				2E20D6CEE1CD1C8DCFE72311 /* Pods_ReelyV1.framework in Frameworks */,
			);
			runOnlyForDeploymentPostprocessing = 0;
		};
		4783446C283C63560022025E /* Frameworks */ = {
			isa = PBXFrameworksBuildPhase;
			buildActionMask = 2147483647;
			files = (
				AB3CCB0692E6940BE3450E78 /* Pods_ReelyV1Tests.framework in Frameworks */,
			);
			runOnlyForDeploymentPostprocessing = 0;
		};
		47834477283C63560022025E /* Frameworks */ = {
			isa = PBXFrameworksBuildPhase;
			buildActionMask = 2147483647;
			files = (
				05CD4714471DA7D77D1FB490 /* Pods_ReelyV1_ReelyV1UITests.framework in Frameworks */,
			);
			runOnlyForDeploymentPostprocessing = 0;
		};
/* End PBXFrameworksBuildPhase section */

/* Begin PBXGroup section */
		4736EEF72867A84D0033C49E /* Controllers */ = {
			isa = PBXGroup;
			children = (
				4736EEF82867A85C0033C49E /* SignupSMSViewController.swift */,
				47EC5856286AB077007A12F4 /* CheckSMSViewController.swift */,
			);
			path = Controllers;
			sourceTree = "<group>";
		};
		473C69E6283C766D00D4D15E /* Views */ = {
			isa = PBXGroup;
			children = (
				473C69E7283C768700D4D15E /* GalleryFeedView.swift */,
				47283BB72842C65F0016D124 /* PostCardView.swift */,
				47283BB92842C7690016D124 /* PostDetailView.swift */,
				473C69EF283C76F700D4D15E /* StaggeredGrid.swift */,
				473C69FD283C821400D4D15E /* AddPostView.swift */,
				47A697302841915D001102C1 /* PostParentView.swift */,
				47866E9528458F7B00D18F00 /* LoadingView.swift */,
				473C6A41283C89A200D4D15E /* PhotoPicker.swift */,
				47A6972E28418EE4001102C1 /* MediaPicker.swift */,
				47283BBD2843E7DC0016D124 /* SignUpView.swift */,
				47866E97284597F300D18F00 /* SetupUserView.swift */,
				47283BBF2843EFA40016D124 /* TabsParentView.swift */,
				4783445D283C63520022025E /* ContentView.swift */,
				478131682846C95700106B57 /* LoadingSplashScreenView.swift */,
				4736EEFC2867A9EB0033C49E /* SignUpControllerWrapper.swift */,
				47A9DE85286A30F900DF76CE /* SMSSignUpView.swift */,
				47A9DE88286A847C00DF76CE /* SMSConfirmationView.swift */,
				476B6FD8286C18E00060589F /* EditProfileView.swift */,
			);
			path = Views;
			sourceTree = "<group>";
		};
		473C69F4283C787000D4D15E /* Models */ = {
			isa = PBXGroup;
			children = (
				473C69F5283C788200D4D15E /* Post.swift */,
				473C6A46283C8EB800D4D15E /* PostsModel.swift */,
				473C6A4B283C8ED800D4D15E /* PostModel.swift */,
			);
			path = Models;
			sourceTree = "<group>";
		};
		473C6A50283C8F6400D4D15E /* View Models */ = {
			isa = PBXGroup;
			children = (
				473C6A51283C8F8C00D4D15E /* HomeViewModel.swift */,
				47283BBB2843E47A0016D124 /* AuthenticationViewModel.swift */,
				476B6FDA286C21720060589F /* ProfileViewModel.swift */,
			);
			path = "View Models";
			sourceTree = "<group>";
		};
		4783444D283C63520022025E = {
			isa = PBXGroup;
			children = (
				47834458283C63520022025E /* ReelyV1 */,
				47834472283C63560022025E /* ReelyV1Tests */,
				4783447D283C63560022025E /* ReelyV1UITests */,
				47834457283C63520022025E /* Products */,
				FC9B835811C0263B3EA0299F /* Pods */,
				873806AA933CAD2D305AD3CE /* Frameworks */,
			);
			sourceTree = "<group>";
		};
		47834457283C63520022025E /* Products */ = {
			isa = PBXGroup;
			children = (
				47834456283C63520022025E /* ReelyV1.app */,
				4783446F283C63560022025E /* ReelyV1Tests.xctest */,
				4783447A283C63560022025E /* ReelyV1UITests.xctest */,
			);
			name = Products;
			sourceTree = "<group>";
		};
		47834458283C63520022025E /* ReelyV1 */ = {
			isa = PBXGroup;
			children = (
				47A9DE87286A808200DF76CE /* ReelyV1.entitlements */,
				4736EEF72867A84D0033C49E /* Controllers */,
				473C69F4283C787000D4D15E /* Models */,
				473C6A50283C8F6400D4D15E /* View Models */,
				473C69E6283C766D00D4D15E /* Views */,
				4783448F283C64660022025E /* GoogleService-Info.plist */,
				47834459283C63520022025E /* AppDelegate.swift */,
				4783445B283C63520022025E /* SceneDelegate.swift */,
				47834462283C63560022025E /* Assets.xcassets */,
				47834467283C63560022025E /* LaunchScreen.storyboard */,
				4783446A283C63560022025E /* Info.plist */,
				4783445F283C63520022025E /* ReelyV1.xcdatamodeld */,
				47834464283C63560022025E /* Preview Content */,
				4736EEFA2867A9310033C49E /* Constants.swift */,
			);
			path = ReelyV1;
			sourceTree = "<group>";
		};
		47834464283C63560022025E /* Preview Content */ = {
			isa = PBXGroup;
			children = (
				47834465283C63560022025E /* Preview Assets.xcassets */,
			);
			path = "Preview Content";
			sourceTree = "<group>";
		};
		47834472283C63560022025E /* ReelyV1Tests */ = {
			isa = PBXGroup;
			children = (
				47834473283C63560022025E /* ReelyV1Tests.swift */,
				47834475283C63560022025E /* Info.plist */,
			);
			path = ReelyV1Tests;
			sourceTree = "<group>";
		};
		4783447D283C63560022025E /* ReelyV1UITests */ = {
			isa = PBXGroup;
			children = (
				4783447E283C63560022025E /* ReelyV1UITests.swift */,
				47834480283C63560022025E /* Info.plist */,
			);
			path = ReelyV1UITests;
			sourceTree = "<group>";
		};
		873806AA933CAD2D305AD3CE /* Frameworks */ = {
			isa = PBXGroup;
			children = (
				4DBAC3C5E0D744A7CE2AA18E /* Pods_ReelyV1.framework */,
				A6A842CA17742B6EFDA163A2 /* Pods_ReelyV1_ReelyV1UITests.framework */,
				D39C359A1766E329C682BF27 /* Pods_ReelyV1Tests.framework */,
			);
			name = Frameworks;
			sourceTree = "<group>";
		};
		FC9B835811C0263B3EA0299F /* Pods */ = {
			isa = PBXGroup;
			children = (
				757C751D438D6992EEC636CC /* Pods-ReelyV1.debug.xcconfig */,
				0AC4812D8073661B894E58AB /* Pods-ReelyV1.release.xcconfig */,
				30E7DF55C88FCB8E103A79D9 /* Pods-ReelyV1-ReelyV1UITests.debug.xcconfig */,
				5A12908D565E2FF1CDC8E316 /* Pods-ReelyV1-ReelyV1UITests.release.xcconfig */,
				55A15D912757AED8E01A60AB /* Pods-ReelyV1Tests.debug.xcconfig */,
				4AFA8BA9E4C98CE86F786D1A /* Pods-ReelyV1Tests.release.xcconfig */,
			);
			path = Pods;
			sourceTree = "<group>";
		};
/* End PBXGroup section */

/* Begin PBXNativeTarget section */
		47834455283C63520022025E /* ReelyV1 */ = {
			isa = PBXNativeTarget;
			buildConfigurationList = 47834483283C63560022025E /* Build configuration list for PBXNativeTarget "ReelyV1" */;
			buildPhases = (
				7EA766AB9B7E72FE2BBC26ED /* [CP] Check Pods Manifest.lock */,
				47834452283C63520022025E /* Sources */,
				47834453283C63520022025E /* Frameworks */,
				47834454283C63520022025E /* Resources */,
				3F3F6F3D75359369112116F2 /* [CP] Embed Pods Frameworks */,
			);
			buildRules = (
			);
			dependencies = (
			);
			name = ReelyV1;
			packageProductDependencies = (
			);
			productName = ReelyV1;
			productReference = 47834456283C63520022025E /* ReelyV1.app */;
			productType = "com.apple.product-type.application";
		};
		4783446E283C63560022025E /* ReelyV1Tests */ = {
			isa = PBXNativeTarget;
			buildConfigurationList = 47834486283C63560022025E /* Build configuration list for PBXNativeTarget "ReelyV1Tests" */;
			buildPhases = (
				0493489F822AF9627EFC458C /* [CP] Check Pods Manifest.lock */,
				4783446B283C63560022025E /* Sources */,
				4783446C283C63560022025E /* Frameworks */,
				4783446D283C63560022025E /* Resources */,
			);
			buildRules = (
			);
			dependencies = (
				47834471283C63560022025E /* PBXTargetDependency */,
			);
			name = ReelyV1Tests;
			productName = ReelyV1Tests;
			productReference = 4783446F283C63560022025E /* ReelyV1Tests.xctest */;
			productType = "com.apple.product-type.bundle.unit-test";
		};
		47834479283C63560022025E /* ReelyV1UITests */ = {
			isa = PBXNativeTarget;
			buildConfigurationList = 47834489283C63560022025E /* Build configuration list for PBXNativeTarget "ReelyV1UITests" */;
			buildPhases = (
				E47E157004496DCD6FCA7388 /* [CP] Check Pods Manifest.lock */,
				47834476283C63560022025E /* Sources */,
				47834477283C63560022025E /* Frameworks */,
				47834478283C63560022025E /* Resources */,
				6ED188E826162B76A8C2E9C7 /* [CP] Embed Pods Frameworks */,
			);
			buildRules = (
			);
			dependencies = (
				4783447C283C63560022025E /* PBXTargetDependency */,
			);
			name = ReelyV1UITests;
			productName = ReelyV1UITests;
			productReference = 4783447A283C63560022025E /* ReelyV1UITests.xctest */;
			productType = "com.apple.product-type.bundle.ui-testing";
		};
/* End PBXNativeTarget section */

/* Begin PBXProject section */
		4783444E283C63520022025E /* Project object */ = {
			isa = PBXProject;
			attributes = {
				LastSwiftUpdateCheck = 1240;
				LastUpgradeCheck = 1240;
				TargetAttributes = {
					47834455283C63520022025E = {
						CreatedOnToolsVersion = 12.4;
					};
					4783446E283C63560022025E = {
						CreatedOnToolsVersion = 12.4;
						TestTargetID = 47834455283C63520022025E;
					};
					47834479283C63560022025E = {
						CreatedOnToolsVersion = 12.4;
						TestTargetID = 47834455283C63520022025E;
					};
				};
			};
			buildConfigurationList = 47834451283C63520022025E /* Build configuration list for PBXProject "ReelyV1" */;
			compatibilityVersion = "Xcode 9.3";
			developmentRegion = en;
			hasScannedForEncodings = 0;
			knownRegions = (
				en,
				Base,
			);
			mainGroup = 4783444D283C63520022025E;
			packageReferences = (
				47A9DE8A286A853600DF76CE /* XCRemoteSwiftPackageReference "iPhoneNumberField" */,
				47A9DE8D286A8BAE00DF76CE /* XCRemoteSwiftPackageReference "PhoneNumberKit" */,
			);
			productRefGroup = 47834457283C63520022025E /* Products */;
			projectDirPath = "";
			projectRoot = "";
			targets = (
				47834455283C63520022025E /* ReelyV1 */,
				4783446E283C63560022025E /* ReelyV1Tests */,
				47834479283C63560022025E /* ReelyV1UITests */,
			);
		};
/* End PBXProject section */

/* Begin PBXResourcesBuildPhase section */
		47834454283C63520022025E /* Resources */ = {
			isa = PBXResourcesBuildPhase;
			buildActionMask = 2147483647;
			files = (
				47834469283C63560022025E /* LaunchScreen.storyboard in Resources */,
				47834490283C64660022025E /* GoogleService-Info.plist in Resources */,
				47834466283C63560022025E /* Preview Assets.xcassets in Resources */,
				47834463283C63560022025E /* Assets.xcassets in Resources */,
			);
			runOnlyForDeploymentPostprocessing = 0;
		};
		4783446D283C63560022025E /* Resources */ = {
			isa = PBXResourcesBuildPhase;
			buildActionMask = 2147483647;
			files = (
			);
			runOnlyForDeploymentPostprocessing = 0;
		};
		47834478283C63560022025E /* Resources */ = {
			isa = PBXResourcesBuildPhase;
			buildActionMask = 2147483647;
			files = (
			);
			runOnlyForDeploymentPostprocessing = 0;
		};
/* End PBXResourcesBuildPhase section */

/* Begin PBXShellScriptBuildPhase section */
		0493489F822AF9627EFC458C /* [CP] Check Pods Manifest.lock */ = {
			isa = PBXShellScriptBuildPhase;
			buildActionMask = 2147483647;
			files = (
			);
			inputFileListPaths = (
			);
			inputPaths = (
				"${PODS_PODFILE_DIR_PATH}/Podfile.lock",
				"${PODS_ROOT}/Manifest.lock",
			);
			name = "[CP] Check Pods Manifest.lock";
			outputFileListPaths = (
			);
			outputPaths = (
				"$(DERIVED_FILE_DIR)/Pods-ReelyV1Tests-checkManifestLockResult.txt",
			);
			runOnlyForDeploymentPostprocessing = 0;
			shellPath = /bin/sh;
			shellScript = "diff \"${PODS_PODFILE_DIR_PATH}/Podfile.lock\" \"${PODS_ROOT}/Manifest.lock\" > /dev/null\nif [ $? != 0 ] ; then\n    # print error to STDERR\n    echo \"error: The sandbox is not in sync with the Podfile.lock. Run 'pod install' or update your CocoaPods installation.\" >&2\n    exit 1\nfi\n# This output is used by Xcode 'outputs' to avoid re-running this script phase.\necho \"SUCCESS\" > \"${SCRIPT_OUTPUT_FILE_0}\"\n";
			showEnvVarsInLog = 0;
		};
		3F3F6F3D75359369112116F2 /* [CP] Embed Pods Frameworks */ = {
			isa = PBXShellScriptBuildPhase;
			buildActionMask = 2147483647;
			files = (
			);
			inputFileListPaths = (
				"${PODS_ROOT}/Target Support Files/Pods-ReelyV1/Pods-ReelyV1-frameworks-${CONFIGURATION}-input-files.xcfilelist",
			);
			name = "[CP] Embed Pods Frameworks";
			outputFileListPaths = (
				"${PODS_ROOT}/Target Support Files/Pods-ReelyV1/Pods-ReelyV1-frameworks-${CONFIGURATION}-output-files.xcfilelist",
			);
			runOnlyForDeploymentPostprocessing = 0;
			shellPath = /bin/sh;
			shellScript = "\"${PODS_ROOT}/Target Support Files/Pods-ReelyV1/Pods-ReelyV1-frameworks.sh\"\n";
			showEnvVarsInLog = 0;
		};
		6ED188E826162B76A8C2E9C7 /* [CP] Embed Pods Frameworks */ = {
			isa = PBXShellScriptBuildPhase;
			buildActionMask = 2147483647;
			files = (
			);
			inputFileListPaths = (
				"${PODS_ROOT}/Target Support Files/Pods-ReelyV1-ReelyV1UITests/Pods-ReelyV1-ReelyV1UITests-frameworks-${CONFIGURATION}-input-files.xcfilelist",
			);
			name = "[CP] Embed Pods Frameworks";
			outputFileListPaths = (
				"${PODS_ROOT}/Target Support Files/Pods-ReelyV1-ReelyV1UITests/Pods-ReelyV1-ReelyV1UITests-frameworks-${CONFIGURATION}-output-files.xcfilelist",
			);
			runOnlyForDeploymentPostprocessing = 0;
			shellPath = /bin/sh;
			shellScript = "\"${PODS_ROOT}/Target Support Files/Pods-ReelyV1-ReelyV1UITests/Pods-ReelyV1-ReelyV1UITests-frameworks.sh\"\n";
			showEnvVarsInLog = 0;
		};
		7EA766AB9B7E72FE2BBC26ED /* [CP] Check Pods Manifest.lock */ = {
			isa = PBXShellScriptBuildPhase;
			buildActionMask = 2147483647;
			files = (
			);
			inputFileListPaths = (
			);
			inputPaths = (
				"${PODS_PODFILE_DIR_PATH}/Podfile.lock",
				"${PODS_ROOT}/Manifest.lock",
			);
			name = "[CP] Check Pods Manifest.lock";
			outputFileListPaths = (
			);
			outputPaths = (
				"$(DERIVED_FILE_DIR)/Pods-ReelyV1-checkManifestLockResult.txt",
			);
			runOnlyForDeploymentPostprocessing = 0;
			shellPath = /bin/sh;
			shellScript = "diff \"${PODS_PODFILE_DIR_PATH}/Podfile.lock\" \"${PODS_ROOT}/Manifest.lock\" > /dev/null\nif [ $? != 0 ] ; then\n    # print error to STDERR\n    echo \"error: The sandbox is not in sync with the Podfile.lock. Run 'pod install' or update your CocoaPods installation.\" >&2\n    exit 1\nfi\n# This output is used by Xcode 'outputs' to avoid re-running this script phase.\necho \"SUCCESS\" > \"${SCRIPT_OUTPUT_FILE_0}\"\n";
			showEnvVarsInLog = 0;
		};
		E47E157004496DCD6FCA7388 /* [CP] Check Pods Manifest.lock */ = {
			isa = PBXShellScriptBuildPhase;
			buildActionMask = 2147483647;
			files = (
			);
			inputFileListPaths = (
			);
			inputPaths = (
				"${PODS_PODFILE_DIR_PATH}/Podfile.lock",
				"${PODS_ROOT}/Manifest.lock",
			);
			name = "[CP] Check Pods Manifest.lock";
			outputFileListPaths = (
			);
			outputPaths = (
				"$(DERIVED_FILE_DIR)/Pods-ReelyV1-ReelyV1UITests-checkManifestLockResult.txt",
			);
			runOnlyForDeploymentPostprocessing = 0;
			shellPath = /bin/sh;
			shellScript = "diff \"${PODS_PODFILE_DIR_PATH}/Podfile.lock\" \"${PODS_ROOT}/Manifest.lock\" > /dev/null\nif [ $? != 0 ] ; then\n    # print error to STDERR\n    echo \"error: The sandbox is not in sync with the Podfile.lock. Run 'pod install' or update your CocoaPods installation.\" >&2\n    exit 1\nfi\n# This output is used by Xcode 'outputs' to avoid re-running this script phase.\necho \"SUCCESS\" > \"${SCRIPT_OUTPUT_FILE_0}\"\n";
			showEnvVarsInLog = 0;
		};
/* End PBXShellScriptBuildPhase section */

/* Begin PBXSourcesBuildPhase section */
		47834452283C63520022025E /* Sources */ = {
			isa = PBXSourcesBuildPhase;
			buildActionMask = 2147483647;
			files = (
				47834461283C63520022025E /* ReelyV1.xcdatamodeld in Sources */,
				47EC5857286AB077007A12F4 /* CheckSMSViewController.swift in Sources */,
				4783445A283C63520022025E /* AppDelegate.swift in Sources */,
				47283BBC2843E47A0016D124 /* AuthenticationViewModel.swift in Sources */,
				473C6A42283C89A300D4D15E /* PhotoPicker.swift in Sources */,
				47283BBA2842C7690016D124 /* PostDetailView.swift in Sources */,
				47283BC02843EFA40016D124 /* TabsParentView.swift in Sources */,
				473C6A47283C8EB800D4D15E /* PostsModel.swift in Sources */,
				47A9DE89286A847C00DF76CE /* SMSConfirmationView.swift in Sources */,
				47A697312841915D001102C1 /* PostParentView.swift in Sources */,
				4783445C283C63520022025E /* SceneDelegate.swift in Sources */,
				473C69E8283C768700D4D15E /* GalleryFeedView.swift in Sources */,
				473C69F0283C76F700D4D15E /* StaggeredGrid.swift in Sources */,
				47A6972F28418EE4001102C1 /* MediaPicker.swift in Sources */,
				476B6FD9286C18E00060589F /* EditProfileView.swift in Sources */,
				4736EEF92867A85C0033C49E /* SignupSMSViewController.swift in Sources */,
				473C6A52283C8F8C00D4D15E /* HomeViewModel.swift in Sources */,
				4736EEFD2867A9EB0033C49E /* SignUpControllerWrapper.swift in Sources */,
				47A9DE86286A30F900DF76CE /* SMSSignUpView.swift in Sources */,
				47866E9628458F7B00D18F00 /* LoadingView.swift in Sources */,
				47866E98284597F300D18F00 /* SetupUserView.swift in Sources */,
				473C69F6283C788200D4D15E /* Post.swift in Sources */,
				478131692846C95700106B57 /* LoadingSplashScreenView.swift in Sources */,
				473C69FE283C821400D4D15E /* AddPostView.swift in Sources */,
				476B6FDB286C21720060589F /* ProfileViewModel.swift in Sources */,
				47283BB82842C65F0016D124 /* PostCardView.swift in Sources */,
				4783445E283C63520022025E /* ContentView.swift in Sources */,
				47283BBE2843E7DC0016D124 /* SignUpView.swift in Sources */,
				473C6A4C283C8ED800D4D15E /* PostModel.swift in Sources */,
				4736EEFB2867A9310033C49E /* Constants.swift in Sources */,
			);
			runOnlyForDeploymentPostprocessing = 0;
		};
		4783446B283C63560022025E /* Sources */ = {
			isa = PBXSourcesBuildPhase;
			buildActionMask = 2147483647;
			files = (
				47834474283C63560022025E /* ReelyV1Tests.swift in Sources */,
			);
			runOnlyForDeploymentPostprocessing = 0;
		};
		47834476283C63560022025E /* Sources */ = {
			isa = PBXSourcesBuildPhase;
			buildActionMask = 2147483647;
			files = (
				4783447F283C63560022025E /* ReelyV1UITests.swift in Sources */,
			);
			runOnlyForDeploymentPostprocessing = 0;
		};
/* End PBXSourcesBuildPhase section */

/* Begin PBXTargetDependency section */
		47834471283C63560022025E /* PBXTargetDependency */ = {
			isa = PBXTargetDependency;
			target = 47834455283C63520022025E /* ReelyV1 */;
			targetProxy = 47834470283C63560022025E /* PBXContainerItemProxy */;
		};
		4783447C283C63560022025E /* PBXTargetDependency */ = {
			isa = PBXTargetDependency;
			target = 47834455283C63520022025E /* ReelyV1 */;
			targetProxy = 4783447B283C63560022025E /* PBXContainerItemProxy */;
		};
/* End PBXTargetDependency section */

/* Begin PBXVariantGroup section */
		47834467283C63560022025E /* LaunchScreen.storyboard */ = {
			isa = PBXVariantGroup;
			children = (
				47834468283C63560022025E /* Base */,
			);
			name = LaunchScreen.storyboard;
			sourceTree = "<group>";
		};
/* End PBXVariantGroup section */

/* Begin XCBuildConfiguration section */
		47834481283C63560022025E /* Debug */ = {
			isa = XCBuildConfiguration;
			buildSettings = {
				ALWAYS_SEARCH_USER_PATHS = NO;
				CLANG_ANALYZER_NONNULL = YES;
				CLANG_ANALYZER_NUMBER_OBJECT_CONVERSION = YES_AGGRESSIVE;
				CLANG_CXX_LANGUAGE_STANDARD = "gnu++14";
				CLANG_CXX_LIBRARY = "libc++";
				CLANG_ENABLE_MODULES = YES;
				CLANG_ENABLE_OBJC_ARC = YES;
				CLANG_ENABLE_OBJC_WEAK = YES;
				CLANG_WARN_BLOCK_CAPTURE_AUTORELEASING = YES;
				CLANG_WARN_BOOL_CONVERSION = YES;
				CLANG_WARN_COMMA = YES;
				CLANG_WARN_CONSTANT_CONVERSION = YES;
				CLANG_WARN_DEPRECATED_OBJC_IMPLEMENTATIONS = YES;
				CLANG_WARN_DIRECT_OBJC_ISA_USAGE = YES_ERROR;
				CLANG_WARN_DOCUMENTATION_COMMENTS = YES;
				CLANG_WARN_EMPTY_BODY = YES;
				CLANG_WARN_ENUM_CONVERSION = YES;
				CLANG_WARN_INFINITE_RECURSION = YES;
				CLANG_WARN_INT_CONVERSION = YES;
				CLANG_WARN_NON_LITERAL_NULL_CONVERSION = YES;
				CLANG_WARN_OBJC_IMPLICIT_RETAIN_SELF = YES;
				CLANG_WARN_OBJC_LITERAL_CONVERSION = YES;
				CLANG_WARN_OBJC_ROOT_CLASS = YES_ERROR;
				CLANG_WARN_QUOTED_INCLUDE_IN_FRAMEWORK_HEADER = YES;
				CLANG_WARN_RANGE_LOOP_ANALYSIS = YES;
				CLANG_WARN_STRICT_PROTOTYPES = YES;
				CLANG_WARN_SUSPICIOUS_MOVE = YES;
				CLANG_WARN_UNGUARDED_AVAILABILITY = YES_AGGRESSIVE;
				CLANG_WARN_UNREACHABLE_CODE = YES;
				CLANG_WARN__DUPLICATE_METHOD_MATCH = YES;
				COPY_PHASE_STRIP = NO;
				DEBUG_INFORMATION_FORMAT = dwarf;
				ENABLE_STRICT_OBJC_MSGSEND = YES;
				ENABLE_TESTABILITY = YES;
				GCC_C_LANGUAGE_STANDARD = gnu11;
				GCC_DYNAMIC_NO_PIC = NO;
				GCC_NO_COMMON_BLOCKS = YES;
				GCC_OPTIMIZATION_LEVEL = 0;
				GCC_PREPROCESSOR_DEFINITIONS = (
					"DEBUG=1",
					"$(inherited)",
				);
				GCC_WARN_64_TO_32_BIT_CONVERSION = YES;
				GCC_WARN_ABOUT_RETURN_TYPE = YES_ERROR;
				GCC_WARN_UNDECLARED_SELECTOR = YES;
				GCC_WARN_UNINITIALIZED_AUTOS = YES_AGGRESSIVE;
				GCC_WARN_UNUSED_FUNCTION = YES;
				GCC_WARN_UNUSED_VARIABLE = YES;
				IPHONEOS_DEPLOYMENT_TARGET = 14.4;
				MTL_ENABLE_DEBUG_INFO = INCLUDE_SOURCE;
				MTL_FAST_MATH = YES;
				ONLY_ACTIVE_ARCH = YES;
				SDKROOT = iphoneos;
				SWIFT_ACTIVE_COMPILATION_CONDITIONS = DEBUG;
				SWIFT_OPTIMIZATION_LEVEL = "-Onone";
			};
			name = Debug;
		};
		47834482283C63560022025E /* Release */ = {
			isa = XCBuildConfiguration;
			buildSettings = {
				ALWAYS_SEARCH_USER_PATHS = NO;
				CLANG_ANALYZER_NONNULL = YES;
				CLANG_ANALYZER_NUMBER_OBJECT_CONVERSION = YES_AGGRESSIVE;
				CLANG_CXX_LANGUAGE_STANDARD = "gnu++14";
				CLANG_CXX_LIBRARY = "libc++";
				CLANG_ENABLE_MODULES = YES;
				CLANG_ENABLE_OBJC_ARC = YES;
				CLANG_ENABLE_OBJC_WEAK = YES;
				CLANG_WARN_BLOCK_CAPTURE_AUTORELEASING = YES;
				CLANG_WARN_BOOL_CONVERSION = YES;
				CLANG_WARN_COMMA = YES;
				CLANG_WARN_CONSTANT_CONVERSION = YES;
				CLANG_WARN_DEPRECATED_OBJC_IMPLEMENTATIONS = YES;
				CLANG_WARN_DIRECT_OBJC_ISA_USAGE = YES_ERROR;
				CLANG_WARN_DOCUMENTATION_COMMENTS = YES;
				CLANG_WARN_EMPTY_BODY = YES;
				CLANG_WARN_ENUM_CONVERSION = YES;
				CLANG_WARN_INFINITE_RECURSION = YES;
				CLANG_WARN_INT_CONVERSION = YES;
				CLANG_WARN_NON_LITERAL_NULL_CONVERSION = YES;
				CLANG_WARN_OBJC_IMPLICIT_RETAIN_SELF = YES;
				CLANG_WARN_OBJC_LITERAL_CONVERSION = YES;
				CLANG_WARN_OBJC_ROOT_CLASS = YES_ERROR;
				CLANG_WARN_QUOTED_INCLUDE_IN_FRAMEWORK_HEADER = YES;
				CLANG_WARN_RANGE_LOOP_ANALYSIS = YES;
				CLANG_WARN_STRICT_PROTOTYPES = YES;
				CLANG_WARN_SUSPICIOUS_MOVE = YES;
				CLANG_WARN_UNGUARDED_AVAILABILITY = YES_AGGRESSIVE;
				CLANG_WARN_UNREACHABLE_CODE = YES;
				CLANG_WARN__DUPLICATE_METHOD_MATCH = YES;
				COPY_PHASE_STRIP = NO;
				DEBUG_INFORMATION_FORMAT = "dwarf-with-dsym";
				ENABLE_NS_ASSERTIONS = NO;
				ENABLE_STRICT_OBJC_MSGSEND = YES;
				GCC_C_LANGUAGE_STANDARD = gnu11;
				GCC_NO_COMMON_BLOCKS = YES;
				GCC_WARN_64_TO_32_BIT_CONVERSION = YES;
				GCC_WARN_ABOUT_RETURN_TYPE = YES_ERROR;
				GCC_WARN_UNDECLARED_SELECTOR = YES;
				GCC_WARN_UNINITIALIZED_AUTOS = YES_AGGRESSIVE;
				GCC_WARN_UNUSED_FUNCTION = YES;
				GCC_WARN_UNUSED_VARIABLE = YES;
				IPHONEOS_DEPLOYMENT_TARGET = 14.4;
				MTL_ENABLE_DEBUG_INFO = NO;
				MTL_FAST_MATH = YES;
				SDKROOT = iphoneos;
				SWIFT_COMPILATION_MODE = wholemodule;
				SWIFT_OPTIMIZATION_LEVEL = "-O";
				VALIDATE_PRODUCT = YES;
			};
			name = Release;
		};
		47834484283C63560022025E /* Debug */ = {
			isa = XCBuildConfiguration;
			baseConfigurationReference = 757C751D438D6992EEC636CC /* Pods-ReelyV1.debug.xcconfig */;
			buildSettings = {
				ASSETCATALOG_COMPILER_APPICON_NAME = AppIcon;
				ASSETCATALOG_COMPILER_GLOBAL_ACCENT_COLOR_NAME = AccentColor;
				CODE_SIGN_ENTITLEMENTS = ReelyV1/ReelyV1.entitlements;
				CODE_SIGN_STYLE = Automatic;
				CURRENT_PROJECT_VERSION = 3;
				DEVELOPMENT_ASSET_PATHS = "\"ReelyV1/Preview Content\"";
				DEVELOPMENT_TEAM = 2PEMTWNRBN;
				ENABLE_PREVIEWS = YES;
				INFOPLIST_FILE = ReelyV1/Info.plist;
				LD_RUNPATH_SEARCH_PATHS = (
					"$(inherited)",
					"@executable_path/Frameworks",
				);
				PRODUCT_BUNDLE_IDENTIFIER = com.pangstudios.ReelyV1;
				PRODUCT_NAME = "$(TARGET_NAME)";
				SWIFT_VERSION = 5.0;
				TARGETED_DEVICE_FAMILY = 1;
			};
			name = Debug;
		};
		47834485283C63560022025E /* Release */ = {
			isa = XCBuildConfiguration;
			baseConfigurationReference = 0AC4812D8073661B894E58AB /* Pods-ReelyV1.release.xcconfig */;
			buildSettings = {
				ASSETCATALOG_COMPILER_APPICON_NAME = AppIcon;
				ASSETCATALOG_COMPILER_GLOBAL_ACCENT_COLOR_NAME = AccentColor;
				CODE_SIGN_ENTITLEMENTS = ReelyV1/ReelyV1.entitlements;
				CODE_SIGN_STYLE = Automatic;
				CURRENT_PROJECT_VERSION = 3;
				DEVELOPMENT_ASSET_PATHS = "\"ReelyV1/Preview Content\"";
				DEVELOPMENT_TEAM = 2PEMTWNRBN;
				ENABLE_PREVIEWS = YES;
				INFOPLIST_FILE = ReelyV1/Info.plist;
				LD_RUNPATH_SEARCH_PATHS = (
					"$(inherited)",
					"@executable_path/Frameworks",
				);
				PRODUCT_BUNDLE_IDENTIFIER = com.pangstudios.ReelyV1;
				PRODUCT_NAME = "$(TARGET_NAME)";
				SWIFT_VERSION = 5.0;
				TARGETED_DEVICE_FAMILY = 1;
			};
			name = Release;
		};
		47834487283C63560022025E /* Debug */ = {
			isa = XCBuildConfiguration;
			baseConfigurationReference = 55A15D912757AED8E01A60AB /* Pods-ReelyV1Tests.debug.xcconfig */;
			buildSettings = {
				ALWAYS_EMBED_SWIFT_STANDARD_LIBRARIES = YES;
				BUNDLE_LOADER = "$(TEST_HOST)";
				CODE_SIGN_STYLE = Automatic;
				DEVELOPMENT_TEAM = 2PEMTWNRBN;
				INFOPLIST_FILE = ReelyV1Tests/Info.plist;
				IPHONEOS_DEPLOYMENT_TARGET = 14.4;
				LD_RUNPATH_SEARCH_PATHS = (
					"$(inherited)",
					"@executable_path/Frameworks",
					"@loader_path/Frameworks",
				);
				PRODUCT_BUNDLE_IDENTIFIER = com.pangstudios.ReelyV1Tests;
				PRODUCT_NAME = "$(TARGET_NAME)";
				SWIFT_VERSION = 5.0;
				TARGETED_DEVICE_FAMILY = "1,2";
				TEST_HOST = "$(BUILT_PRODUCTS_DIR)/ReelyV1.app/ReelyV1";
			};
			name = Debug;
		};
		47834488283C63560022025E /* Release */ = {
			isa = XCBuildConfiguration;
			baseConfigurationReference = 4AFA8BA9E4C98CE86F786D1A /* Pods-ReelyV1Tests.release.xcconfig */;
			buildSettings = {
				ALWAYS_EMBED_SWIFT_STANDARD_LIBRARIES = YES;
				BUNDLE_LOADER = "$(TEST_HOST)";
				CODE_SIGN_STYLE = Automatic;
				DEVELOPMENT_TEAM = 2PEMTWNRBN;
				INFOPLIST_FILE = ReelyV1Tests/Info.plist;
				IPHONEOS_DEPLOYMENT_TARGET = 14.4;
				LD_RUNPATH_SEARCH_PATHS = (
					"$(inherited)",
					"@executable_path/Frameworks",
					"@loader_path/Frameworks",
				);
				PRODUCT_BUNDLE_IDENTIFIER = com.pangstudios.ReelyV1Tests;
				PRODUCT_NAME = "$(TARGET_NAME)";
				SWIFT_VERSION = 5.0;
				TARGETED_DEVICE_FAMILY = "1,2";
				TEST_HOST = "$(BUILT_PRODUCTS_DIR)/ReelyV1.app/ReelyV1";
			};
			name = Release;
		};
		4783448A283C63560022025E /* Debug */ = {
			isa = XCBuildConfiguration;
			baseConfigurationReference = 30E7DF55C88FCB8E103A79D9 /* Pods-ReelyV1-ReelyV1UITests.debug.xcconfig */;
			buildSettings = {
				ALWAYS_EMBED_SWIFT_STANDARD_LIBRARIES = YES;
				CODE_SIGN_STYLE = Automatic;
				DEVELOPMENT_TEAM = 2PEMTWNRBN;
				INFOPLIST_FILE = ReelyV1UITests/Info.plist;
				LD_RUNPATH_SEARCH_PATHS = (
					"$(inherited)",
					"@executable_path/Frameworks",
					"@loader_path/Frameworks",
				);
				PRODUCT_BUNDLE_IDENTIFIER = com.pangstudios.ReelyV1UITests;
				PRODUCT_NAME = "$(TARGET_NAME)";
				SWIFT_VERSION = 5.0;
				TARGETED_DEVICE_FAMILY = "1,2";
				TEST_TARGET_NAME = ReelyV1;
			};
			name = Debug;
		};
		4783448B283C63560022025E /* Release */ = {
			isa = XCBuildConfiguration;
			baseConfigurationReference = 5A12908D565E2FF1CDC8E316 /* Pods-ReelyV1-ReelyV1UITests.release.xcconfig */;
			buildSettings = {
				ALWAYS_EMBED_SWIFT_STANDARD_LIBRARIES = YES;
				CODE_SIGN_STYLE = Automatic;
				DEVELOPMENT_TEAM = 2PEMTWNRBN;
				INFOPLIST_FILE = ReelyV1UITests/Info.plist;
				LD_RUNPATH_SEARCH_PATHS = (
					"$(inherited)",
					"@executable_path/Frameworks",
					"@loader_path/Frameworks",
				);
				PRODUCT_BUNDLE_IDENTIFIER = com.pangstudios.ReelyV1UITests;
				PRODUCT_NAME = "$(TARGET_NAME)";
				SWIFT_VERSION = 5.0;
				TARGETED_DEVICE_FAMILY = "1,2";
				TEST_TARGET_NAME = ReelyV1;
			};
			name = Release;
		};
/* End XCBuildConfiguration section */

/* Begin XCConfigurationList section */
		47834451283C63520022025E /* Build configuration list for PBXProject "ReelyV1" */ = {
			isa = XCConfigurationList;
			buildConfigurations = (
				47834481283C63560022025E /* Debug */,
				47834482283C63560022025E /* Release */,
			);
			defaultConfigurationIsVisible = 0;
			defaultConfigurationName = Release;
		};
		47834483283C63560022025E /* Build configuration list for PBXNativeTarget "ReelyV1" */ = {
			isa = XCConfigurationList;
			buildConfigurations = (
				47834484283C63560022025E /* Debug */,
				47834485283C63560022025E /* Release */,
			);
			defaultConfigurationIsVisible = 0;
			defaultConfigurationName = Release;
		};
		47834486283C63560022025E /* Build configuration list for PBXNativeTarget "ReelyV1Tests" */ = {
			isa = XCConfigurationList;
			buildConfigurations = (
				47834487283C63560022025E /* Debug */,
				47834488283C63560022025E /* Release */,
			);
			defaultConfigurationIsVisible = 0;
			defaultConfigurationName = Release;
		};
		47834489283C63560022025E /* Build configuration list for PBXNativeTarget "ReelyV1UITests" */ = {
			isa = XCConfigurationList;
			buildConfigurations = (
				4783448A283C63560022025E /* Debug */,
				4783448B283C63560022025E /* Release */,
			);
			defaultConfigurationIsVisible = 0;
			defaultConfigurationName = Release;
		};
/* End XCConfigurationList section */

/* Begin XCRemoteSwiftPackageReference section */
		47A9DE8A286A853600DF76CE /* XCRemoteSwiftPackageReference "iPhoneNumberField" */ = {
			isa = XCRemoteSwiftPackageReference;
			repositoryURL = "https://github.com/MojtabaHs/iPhoneNumberField.git";
			requirement = {
				kind = upToNextMajorVersion;
				minimumVersion = 0.6.1;
			};
		};
		47A9DE8D286A8BAE00DF76CE /* XCRemoteSwiftPackageReference "PhoneNumberKit" */ = {
			isa = XCRemoteSwiftPackageReference;
			repositoryURL = "https://github.com/marmelroy/PhoneNumberKit.git";
			requirement = {
				kind = upToNextMajorVersion;
				minimumVersion = 3.0.0;
			};
		};
/* End XCRemoteSwiftPackageReference section */

/* Begin XCVersionGroup section */
		4783445F283C63520022025E /* ReelyV1.xcdatamodeld */ = {
			isa = XCVersionGroup;
			children = (
				47834460283C63520022025E /* ReelyV1.xcdatamodel */,
			);
			currentVersion = 47834460283C63520022025E /* ReelyV1.xcdatamodel */;
			path = ReelyV1.xcdatamodeld;
			sourceTree = "<group>";
			versionGroupType = wrapper.xcdatamodel;
		};
/* End XCVersionGroup section */
	};
	rootObject = 4783444E283C63520022025E /* Project object */;
}
